
Microsoft Visual Studio Solution File, Format Version 12.00
# Blend for Visual Studio Version 17
VisualStudioVersion = 17.4.33122.133
MinimumVisualStudioVersion = 10.0.40219.1
Project("{FAE04EC0-301F-11D3-BF4B-00C04F79EFBC}") = "VideoConcatenater", "VideoConcatenater\VideoConcatenater.csproj", "{E946C120-1254-4FF9-AC6D-B588851210B3}"
EndProject
Global
	GlobalSection(SolutionConfigurationPlatforms) = preSolution
		Debug|Any CPU = Debug|Any CPU
		Release|Any CPU = Release|Any CPU
	EndGlobalSection
	GlobalSection(ProjectConfigurationPlatforms) = postSolution
		{E946C120-1254-4FF9-AC6D-B588851210B3}.Debug|Any CPU.ActiveCfg = Debug|Any CPU
		{E946C120-1254-4FF9-AC6D-B588851210B3}.Debug|Any CPU.Build.0 = Debug|Any CPU
		{E946C120-1254-4FF9-AC6D-B588851210B3}.Release|Any CPU.ActiveCfg = Release|Any CPU
		{E946C120-1254-4FF9-AC6D-B588851210B3}.Release|Any CPU.Build.0 = Release|Any CPU
	EndGlobalSection
	GlobalSection(SolutionProperties) = preSolution
		HideSolutionNode = FALSE
	EndGlobalSection
	GlobalSection(ExtensibilityGlobals) = postSolution
		SolutionGuid = {9BE147DC-88C4-4B98-A324-3CC8C5CE4076}
	EndGlobalSection
EndGlobal
